// !$*UTF8*$!
{
	archiveVersion = 1;
	classes = {
	};
	objectVersion = 48;
	objects = {

/* Begin PBXBuildFile section */
		3D4EB6351FAB30C100B84605 /* AppDelegate.swift in Sources */ = {isa = PBXBuildFile; fileRef = 3D4EB6341FAB30C100B84605 /* AppDelegate.swift */; };
		3D4EB6371FAB30C100B84605 /* ViewController.swift in Sources */ = {isa = PBXBuildFile; fileRef = 3D4EB6361FAB30C100B84605 /* ViewController.swift */; };
		3D4EB63A1FAB30C100B84605 /* Main.storyboard in Resources */ = {isa = PBXBuildFile; fileRef = 3D4EB6381FAB30C100B84605 /* Main.storyboard */; };
		3D4EB63C1FAB30C100B84605 /* Assets.xcassets in Resources */ = {isa = PBXBuildFile; fileRef = 3D4EB63B1FAB30C100B84605 /* Assets.xcassets */; };
		3D4EB63F1FAB30C100B84605 /* LaunchScreen.storyboard in Resources */ = {isa = PBXBuildFile; fileRef = 3D4EB63D1FAB30C100B84605 /* LaunchScreen.storyboard */; };
		3D4EB6471FAB314C00B84605 /* CustomSelectViewController.swift in Sources */ = {isa = PBXBuildFile; fileRef = 3D4EB6461FAB314C00B84605 /* CustomSelectViewController.swift */; };
/* End PBXBuildFile section */

/* Begin PBXFileReference section */
		3D4EB6311FAB30C100B84605 /* CustomSelectViewIOS.app */ = {isa = PBXFileReference; explicitFileType = wrapper.application; includeInIndex = 0; path = CustomSelectViewIOS.app; sourceTree = BUILT_PRODUCTS_DIR; };
		3D4EB6341FAB30C100B84605 /* AppDelegate.swift */ = {isa = PBXFileReference; lastKnownFileType = sourcecode.swift; path = AppDelegate.swift; sourceTree = "<group>"; };
		3D4EB6361FAB30C100B84605 /* ViewController.swift */ = {isa = PBXFileReference; lastKnownFileType = sourcecode.swift; path = ViewController.swift; sourceTree = "<group>"; };
		3D4EB6391FAB30C100B84605 /* Base */ = {isa = PBXFileReference; lastKnownFileType = file.storyboard; name = Base; path = Base.lproj/Main.storyboard; sourceTree = "<group>"; };
		3D4EB63B1FAB30C100B84605 /* Assets.xcassets */ = {isa = PBXFileReference; lastKnownFileType = folder.assetcatalog; path = Assets.xcassets; sourceTree = "<group>"; };
		3D4EB63E1FAB30C100B84605 /* Base */ = {isa = PBXFileReference; lastKnownFileType = file.storyboard; name = Base; path = Base.lproj/LaunchScreen.storyboard; sourceTree = "<group>"; };
		3D4EB6401FAB30C100B84605 /* Info.plist */ = {isa = PBXFileReference; lastKnownFileType = text.plist.xml; path = Info.plist; sourceTree = "<group>"; };
		3D4EB6461FAB314C00B84605 /* CustomSelectViewController.swift */ = {isa = PBXFileReference; lastKnownFileType = sourcecode.swift; path = CustomSelectViewController.swift; sourceTree = "<group>"; };
/* End PBXFileReference section */

/* Begin PBXFrameworksBuildPhase section */
		3D4EB62E1FAB30C100B84605 /* Frameworks */ = {
			isa = PBXFrameworksBuildPhase;
			buildActionMask = 2147483647;
			files = (
			);
			runOnlyForDeploymentPostprocessing = 0;
		};
/* End PBXFrameworksBuildPhase section */

/* Begin PBXGroup section */
		3D4EB6281FAB30C100B84605 = {
			isa = PBXGroup;
			children = (
				3D4EB6331FAB30C100B84605 /* CustomSelectViewIOS */,
				3D4EB6321FAB30C100B84605 /* Products */,
			);
			sourceTree = "<group>";
		};
		3D4EB6321FAB30C100B84605 /* Products */ = {
			isa = PBXGroup;
			children = (
				3D4EB6311FAB30C100B84605 /* CustomSelectViewIOS.app */,
			);
			name = Products;
			sourceTree = "<group>";
		};
		3D4EB6331FAB30C100B84605 /* CustomSelectViewIOS */ = {
			isa = PBXGroup;
			children = (
				3D4EB6341FAB30C100B84605 /* AppDelegate.swift */,
				3D4EB6361FAB30C100B84605 /* ViewController.swift */,
				3D4EB6461FAB314C00B84605 /* CustomSelectViewController.swift */,
				3D4EB6381FAB30C100B84605 /* Main.storyboard */,
				3D4EB63B1FAB30C100B84605 /* Assets.xcassets */,
				3D4EB63D1FAB30C100B84605 /* LaunchScreen.storyboard */,
				3D4EB6401FAB30C100B84605 /* Info.plist */,
			);
			path = CustomSelectViewIOS;
			sourceTree = "<group>";
		};
/* End PBXGroup section */

/* Begin PBXNativeTarget section */
		3D4EB6301FAB30C100B84605 /* CustomSelectViewIOS */ = {
			isa = PBXNativeTarget;
			buildConfigurationList = 3D4EB6431FAB30C100B84605 /* Build configuration list for PBXNativeTarget "CustomSelectViewIOS" */;
			buildPhases = (
				3D4EB62D1FAB30C100B84605 /* Sources */,
				3D4EB62E1FAB30C100B84605 /* Frameworks */,
				3D4EB62F1FAB30C100B84605 /* Resources */,
			);
			buildRules = (
			);
			dependencies = (
			);
			name = CustomSelectViewIOS;
			productName = CustomSelectViewIOS;
			productReference = 3D4EB6311FAB30C100B84605 /* CustomSelectViewIOS.app */;
			productType = "com.apple.product-type.application";
		};
/* End PBXNativeTarget section */

/* Begin PBXProject section */
		3D4EB6291FAB30C100B84605 /* Project object */ = {
			isa = PBXProject;
			attributes = {
				LastSwiftUpdateCheck = 0900;
				LastUpgradeCheck = 0900;
				ORGANIZATIONNAME = nam;
				TargetAttributes = {
					3D4EB6301FAB30C100B84605 = {
						CreatedOnToolsVersion = 9.0.1;
						ProvisioningStyle = Automatic;
					};
				};
			};
			buildConfigurationList = 3D4EB62C1FAB30C100B84605 /* Build configuration list for PBXProject "CustomSelectViewIOS" */;
			compatibilityVersion = "Xcode 8.0";
			developmentRegion = en;
			hasScannedForEncodings = 0;
			knownRegions = (
				en,
				Base,
			);
			mainGroup = 3D4EB6281FAB30C100B84605;
			productRefGroup = 3D4EB6321FAB30C100B84605 /* Products */;
			projectDirPath = "";
			projectRoot = "";
			targets = (
				3D4EB6301FAB30C100B84605 /* CustomSelectViewIOS */,
			);
		};
/* End PBXProject section */

/* Begin PBXResourcesBuildPhase section */
		3D4EB62F1FAB30C100B84605 /* Resources */ = {
			isa = PBXResourcesBuildPhase;
			buildActionMask = 2147483647;
			files = (
				3D4EB63F1FAB30C100B84605 /* LaunchScreen.storyboard in Resources */,
				3D4EB63C1FAB30C100B84605 /* Assets.xcassets in Resources */,
				3D4EB63A1FAB30C100B84605 /* Main.storyboard in Resources */,
			);
			runOnlyForDeploymentPostprocessing = 0;
		};
/* End PBXResourcesBuildPhase section */

/* Begin PBXSourcesBuildPhase section */
		3D4EB62D1FAB30C100B84605 /* Sources */ = {
			isa = PBXSourcesBuildPhase;
			buildActionMask = 2147483647;
			files = (
				3D4EB6371FAB30C100B84605 /* ViewController.swift in Sources */,
				3D4EB6351FAB30C100B84605 /* AppDelegate.swift in Sources */,
				3D4EB6471FAB314C00B84605 /* CustomSelectViewController.swift in Sources */,
			);
			runOnlyForDeploymentPostprocessing = 0;
		};
/* End PBXSourcesBuildPhase section */

/* Begin PBXVariantGroup section */
		3D4EB6381FAB30C100B84605 /* Main.storyboard */ = {
			isa = PBXVariantGroup;
			children = (
				3D4EB6391FAB30C100B84605 /* Base */,
			);
			name = Main.storyboard;
			sourceTree = "<group>";
		};
		3D4EB63D1FAB30C100B84605 /* LaunchScreen.storyboard */ = {
			isa = PBXVariantGroup;
			children = (
				3D4EB63E1FAB30C100B84605 /* Base */,
			);
			name = LaunchScreen.storyboard;
			sourceTree = "<group>";
		};
/* End PBXVariantGroup section */

/* Begin XCBuildConfiguration section */
		3D4EB6411FAB30C100B84605 /* Debug */ = {
			isa = XCBuildConfiguration;
			buildSettings = {
				ALWAYS_SEARCH_USER_PATHS = NO;
				CLANG_ANALYZER_NONNULL = YES;
				CLANG_ANALYZER_NUMBER_OBJECT_CONVERSION = YES_AGGRESSIVE;
				CLANG_CXX_LANGUAGE_STANDARD = "gnu++14";
				CLANG_CXX_LIBRARY = "libc++";
				CLANG_ENABLE_MODULES = YES;
				CLANG_ENABLE_OBJC_ARC = YES;
				CLANG_WARN_BLOCK_CAPTURE_AUTORELEASING = YES;
				CLANG_WARN_BOOL_CONVERSION = YES;
				CLANG_WARN_COMMA = YES;
				CLANG_WARN_CONSTANT_CONVERSION = YES;
				CLANG_WARN_DIRECT_OBJC_ISA_USAGE = YES_ERROR;
				CLANG_WARN_DOCUMENTATION_COMMENTS = YES;
				CLANG_WARN_EMPTY_BODY = YES;
				CLANG_WARN_ENUM_CONVERSION = YES;
				CLANG_WARN_INFINITE_RECURSION = YES;
				CLANG_WARN_INT_CONVERSION = YES;
				CLANG_WARN_NON_LITERAL_NULL_CONVERSION = YES;
				CLANG_WARN_OBJC_LITERAL_CONVERSION = YES;
				CLANG_WARN_OBJC_ROOT_CLASS = YES_ERROR;
				CLANG_WARN_RANGE_LOOP_ANALYSIS = YES;
				CLANG_WARN_STRICT_PROTOTYPES = YES;
				CLANG_WARN_SUSPICIOUS_MOVE = YES;
				CLANG_WARN_UNGUARDED_AVAILABILITY = YES_AGGRESSIVE;
				CLANG_WARN_UNREACHABLE_CODE = YES;
				CLANG_WARN__DUPLICATE_METHOD_MATCH = YES;
				CODE_SIGN_IDENTITY = "iPhone Developer";
				COPY_PHASE_STRIP = NO;
				DEBUG_INFORMATION_FORMAT = dwarf;
				ENABLE_STRICT_OBJC_MSGSEND = YES;
				ENABLE_TESTABILITY = YES;
				GCC_C_LANGUAGE_STANDARD = gnu11;
				GCC_DYNAMIC_NO_PIC = NO;
				GCC_NO_COMMON_BLOCKS = YES;
				GCC_OPTIMIZATION_LEVEL = 0;
				GCC_PREPROCESSOR_DEFINITIONS = (
					"DEBUG=1",
					"$(inherited)",
				);
				GCC_WARN_64_TO_32_BIT_CONVERSION = YES;
				GCC_WARN_ABOUT_RETURN_TYPE = YES_ERROR;
				GCC_WARN_UNDECLARED_SELECTOR = YES;
				GCC_WARN_UNINITIALIZED_AUTOS = YES_AGGRESSIVE;
				GCC_WARN_UNUSED_FUNCTION = YES;
				GCC_WARN_UNUSED_VARIABLE = YES;
				IPHONEOS_DEPLOYMENT_TARGET = 11.0;
				MTL_ENABLE_DEBUG_INFO = YES;
				ONLY_ACTIVE_ARCH = YES;
				SDKROOT = iphoneos;
				SWIFT_ACTIVE_COMPILATION_CONDITIONS = DEBUG;
				SWIFT_OPTIMIZATION_LEVEL = "-Onone";
			};
			name = Debug;
		};
		3D4EB6421FAB30C100B84605 /* Release */ = {
			isa = XCBuildConfiguration;
			buildSettings = {
				ALWAYS_SEARCH_USER_PATHS = NO;
				CLANG_ANALYZER_NONNULL = YES;
				CLANG_ANALYZER_NUMBER_OBJECT_CONVERSION = YES_AGGRESSIVE;
				CLANG_CXX_LANGUAGE_STANDARD = "gnu++14";
				CLANG_CXX_LIBRARY = "libc++";
				CLANG_ENABLE_MODULES = YES;
				CLANG_ENABLE_OBJC_ARC = YES;
				CLANG_WARN_BLOCK_CAPTURE_AUTORELEASING = YES;
				CLANG_WARN_BOOL_CONVERSION = YES;
				CLANG_WARN_COMMA = YES;
				CLANG_WARN_CONSTANT_CONVERSION = YES;
				CLANG_WARN_DIRECT_OBJC_ISA_USAGE = YES_ERROR;
				CLANG_WARN_DOCUMENTATION_COMMENTS = YES;
				CLANG_WARN_EMPTY_BODY = YES;
				CLANG_WARN_ENUM_CONVERSION = YES;
				CLANG_WARN_INFINITE_RECURSION = YES;
				CLANG_WARN_INT_CONVERSION = YES;
				CLANG_WARN_NON_LITERAL_NULL_CONVERSION = YES;
				CLANG_WARN_OBJC_LITERAL_CONVERSION = YES;
				CLANG_WARN_OBJC_ROOT_CLASS = YES_ERROR;
				CLANG_WARN_RANGE_LOOP_ANALYSIS = YES;
				CLANG_WARN_STRICT_PROTOTYPES = YES;
				CLANG_WARN_SUSPICIOUS_MOVE = YES;
				CLANG_WARN_UNGUARDED_AVAILABILITY = YES_AGGRESSIVE;
				CLANG_WARN_UNREACHABLE_CODE = YES;
				CLANG_WARN__DUPLICATE_METHOD_MATCH = YES;
				CODE_SIGN_IDENTITY = "iPhone Developer";
				COPY_PHASE_STRIP = NO;
				DEBUG_INFORMATION_FORMAT = "dwarf-with-dsym";
				ENABLE_NS_ASSERTIONS = NO;
				ENABLE_STRICT_OBJC_MSGSEND = YES;
				GCC_C_LANGUAGE_STANDARD = gnu11;
				GCC_NO_COMMON_BLOCKS = YES;
				GCC_WARN_64_TO_32_BIT_CONVERSION = YES;
				GCC_WARN_ABOUT_RETURN_TYPE = YES_ERROR;
				GCC_WARN_UNDECLARED_SELECTOR = YES;
				GCC_WARN_UNINITIALIZED_AUTOS = YES_AGGRESSIVE;
				GCC_WARN_UNUSED_FUNCTION = YES;
				GCC_WARN_UNUSED_VARIABLE = YES;
				IPHONEOS_DEPLOYMENT_TARGET = 11.0;
				MTL_ENABLE_DEBUG_INFO = NO;
				SDKROOT = iphoneos;
				SWIFT_OPTIMIZATION_LEVEL = "-Owholemodule";
				VALIDATE_PRODUCT = YES;
			};
			name = Release;
		};
		3D4EB6441FAB30C100B84605 /* Debug */ = {
			isa = XCBuildConfiguration;
			buildSettings = {
				ASSETCATALOG_COMPILER_APPICON_NAME = AppIcon;
				CODE_SIGN_STYLE = Automatic;
				DEVELOPMENT_TEAM = K7ZN2F3RG8;
				INFOPLIST_FILE = CustomSelectViewIOS/Info.plist;
				LD_RUNPATH_SEARCH_PATHS = "$(inherited) @executable_path/Frameworks";
				PRODUCT_BUNDLE_IDENTIFIER = namsang.CustomSelectViewIOS;
				PRODUCT_NAME = "$(TARGET_NAME)";
				SWIFT_VERSION = 4.0;
				TARGETED_DEVICE_FAMILY = "1,2";
			};
			name = Debug;
		};
		3D4EB6451FAB30C100B84605 /* Release */ = {
			isa = XCBuildConfiguration;
			buildSettings = {
				ASSETCATALOG_COMPILER_APPICON_NAME = AppIcon;
				CODE_SIGN_STYLE = Automatic;
				DEVELOPMENT_TEAM = K7ZN2F3RG8;
				INFOPLIST_FILE = CustomSelectViewIOS/Info.plist;
				LD_RUNPATH_SEARCH_PATHS = "$(inherited) @executable_path/Frameworks";
				PRODUCT_BUNDLE_IDENTIFIER = namsang.CustomSelectViewIOS;
				PRODUCT_NAME = "$(TARGET_NAME)";
				SWIFT_VERSION = 4.0;
				TARGETED_DEVICE_FAMILY = "1,2";
			};
			name = Release;
		};
/* End XCBuildConfiguration section */

/* Begin XCConfigurationList section */
		3D4EB62C1FAB30C100B84605 /* Build configuration list for PBXProject "CustomSelectViewIOS" */ = {
			isa = XCConfigurationList;
			buildConfigurations = (
				3D4EB6411FAB30C100B84605 /* Debug */,
				3D4EB6421FAB30C100B84605 /* Release */,
			);
			defaultConfigurationIsVisible = 0;
			defaultConfigurationName = Release;
		};
		3D4EB6431FAB30C100B84605 /* Build configuration list for PBXNativeTarget "CustomSelectViewIOS" */ = {
			isa = XCConfigurationList;
			buildConfigurations = (
				3D4EB6441FAB30C100B84605 /* Debug */,
				3D4EB6451FAB30C100B84605 /* Release */,
			);
			defaultConfigurationIsVisible = 0;
			defaultConfigurationName = Release;
		};
/* End XCConfigurationList section */
	};
	rootObject = 3D4EB6291FAB30C100B84605 /* Project object */;
}
